
Microsoft Visual Studio Solution File, Format Version 12.00
# Visual Studio 15
VisualStudioVersion = 15.0.28307.329
MinimumVisualStudioVersion = 10.0.40219.1
Project("{FAE04EC0-301F-11D3-BF4B-00C04F79EFBC}") = "1_5_ex", "1_5_ex\1_5_ex.csproj", "{D8B8B242-EDD8-4CDD-A621-5C6A0AB2EC5D}"
EndProject
Global
	GlobalSection(SolutionConfigurationPlatforms) = preSolution
		Debug|Any CPU = Debug|Any CPU
		Release|Any CPU = Release|Any CPU
	EndGlobalSection
	GlobalSection(ProjectConfigurationPlatforms) = postSolution
		{D8B8B242-EDD8-4CDD-A621-5C6A0AB2EC5D}.Debug|Any CPU.ActiveCfg = Debug|Any CPU
		{D8B8B242-EDD8-4CDD-A621-5C6A0AB2EC5D}.Debug|Any CPU.Build.0 = Debug|Any CPU
		{D8B8B242-EDD8-4CDD-A621-5C6A0AB2EC5D}.Release|Any CPU.ActiveCfg = Release|Any CPU
		{D8B8B242-EDD8-4CDD-A621-5C6A0AB2EC5D}.Release|Any CPU.Build.0 = Release|Any CPU
	EndGlobalSection
	GlobalSection(SolutionProperties) = preSolution
		HideSolutionNode = FALSE
	EndGlobalSection
	GlobalSection(ExtensibilityGlobals) = postSolution
		SolutionGuid = {B87D6889-24F9-4388-A050-84C569AC520E}
	EndGlobalSection
EndGlobal
