
Microsoft Visual Studio Solution File, Format Version 12.00
# Visual Studio 15
VisualStudioVersion = 15.0.28307.329
MinimumVisualStudioVersion = 10.0.40219.1
Project("{FAE04EC0-301F-11D3-BF4B-00C04F79EFBC}") = "1_3_ex", "1_3_ex\1_3_ex.csproj", "{4FCEC330-005C-413F-9A4E-14F86A89A77D}"
EndProject
Global
	GlobalSection(SolutionConfigurationPlatforms) = preSolution
		Debug|Any CPU = Debug|Any CPU
		Release|Any CPU = Release|Any CPU
	EndGlobalSection
	GlobalSection(ProjectConfigurationPlatforms) = postSolution
		{4FCEC330-005C-413F-9A4E-14F86A89A77D}.Debug|Any CPU.ActiveCfg = Debug|Any CPU
		{4FCEC330-005C-413F-9A4E-14F86A89A77D}.Debug|Any CPU.Build.0 = Debug|Any CPU
		{4FCEC330-005C-413F-9A4E-14F86A89A77D}.Release|Any CPU.ActiveCfg = Release|Any CPU
		{4FCEC330-005C-413F-9A4E-14F86A89A77D}.Release|Any CPU.Build.0 = Release|Any CPU
	EndGlobalSection
	GlobalSection(SolutionProperties) = preSolution
		HideSolutionNode = FALSE
	EndGlobalSection
	GlobalSection(ExtensibilityGlobals) = postSolution
		SolutionGuid = {A7D0A814-279C-459A-9B8B-8DC1EE8E2EF3}
	EndGlobalSection
EndGlobal
