
Microsoft Visual Studio Solution File, Format Version 12.00
# Visual Studio 15
VisualStudioVersion = 15.0.28307.329
MinimumVisualStudioVersion = 10.0.40219.1
Project("{FAE04EC0-301F-11D3-BF4B-00C04F79EFBC}") = "3_2_ex", "3_2_ex\3_2_ex.csproj", "{AEA34E05-5FFC-448B-84ED-1C8456F96B98}"
EndProject
Project("{FAE04EC0-301F-11D3-BF4B-00C04F79EFBC}") = "3_2_ex.Tests", "3_2_ex.Tests\3_2_ex.Tests.csproj", "{4347ADBA-F62E-4C63-BCEF-8F28A3631AB0}"
EndProject
Global
	GlobalSection(SolutionConfigurationPlatforms) = preSolution
		Debug|Any CPU = Debug|Any CPU
		Release|Any CPU = Release|Any CPU
	EndGlobalSection
	GlobalSection(ProjectConfigurationPlatforms) = postSolution
		{AEA34E05-5FFC-448B-84ED-1C8456F96B98}.Debug|Any CPU.ActiveCfg = Debug|Any CPU
		{AEA34E05-5FFC-448B-84ED-1C8456F96B98}.Debug|Any CPU.Build.0 = Debug|Any CPU
		{AEA34E05-5FFC-448B-84ED-1C8456F96B98}.Release|Any CPU.ActiveCfg = Release|Any CPU
		{AEA34E05-5FFC-448B-84ED-1C8456F96B98}.Release|Any CPU.Build.0 = Release|Any CPU
		{4347ADBA-F62E-4C63-BCEF-8F28A3631AB0}.Debug|Any CPU.ActiveCfg = Debug|Any CPU
		{4347ADBA-F62E-4C63-BCEF-8F28A3631AB0}.Debug|Any CPU.Build.0 = Debug|Any CPU
		{4347ADBA-F62E-4C63-BCEF-8F28A3631AB0}.Release|Any CPU.ActiveCfg = Release|Any CPU
		{4347ADBA-F62E-4C63-BCEF-8F28A3631AB0}.Release|Any CPU.Build.0 = Release|Any CPU
	EndGlobalSection
	GlobalSection(SolutionProperties) = preSolution
		HideSolutionNode = FALSE
	EndGlobalSection
	GlobalSection(ExtensibilityGlobals) = postSolution
		SolutionGuid = {9A343556-F08A-4F01-A1AB-38FA16BCE1E5}
	EndGlobalSection
EndGlobal
