
Microsoft Visual Studio Solution File, Format Version 12.00
# Visual Studio 2013
VisualStudioVersion = 12.0.31101.0
MinimumVisualStudioVersion = 10.0.40219.1
Project("{FAE04EC0-301F-11D3-BF4B-00C04F79EFBC}") = "test_1", "test_1\test_1.csproj", "{A5D60B0B-FC1D-4F8E-8D54-326B0FB14455}"
EndProject
Project("{FAE04EC0-301F-11D3-BF4B-00C04F79EFBC}") = "Queue.Tests", "Queue.Tests\Queue.Tests.csproj", "{FAF9426C-FAD2-4D4C-82F1-7B971BC278F0}"
EndProject
Global
	GlobalSection(SolutionConfigurationPlatforms) = preSolution
		Debug|Any CPU = Debug|Any CPU
		Release|Any CPU = Release|Any CPU
	EndGlobalSection
	GlobalSection(ProjectConfigurationPlatforms) = postSolution
		{A5D60B0B-FC1D-4F8E-8D54-326B0FB14455}.Debug|Any CPU.ActiveCfg = Debug|Any CPU
		{A5D60B0B-FC1D-4F8E-8D54-326B0FB14455}.Debug|Any CPU.Build.0 = Debug|Any CPU
		{A5D60B0B-FC1D-4F8E-8D54-326B0FB14455}.Release|Any CPU.ActiveCfg = Release|Any CPU
		{A5D60B0B-FC1D-4F8E-8D54-326B0FB14455}.Release|Any CPU.Build.0 = Release|Any CPU
		{FAF9426C-FAD2-4D4C-82F1-7B971BC278F0}.Debug|Any CPU.ActiveCfg = Debug|Any CPU
		{FAF9426C-FAD2-4D4C-82F1-7B971BC278F0}.Debug|Any CPU.Build.0 = Debug|Any CPU
		{FAF9426C-FAD2-4D4C-82F1-7B971BC278F0}.Release|Any CPU.ActiveCfg = Release|Any CPU
		{FAF9426C-FAD2-4D4C-82F1-7B971BC278F0}.Release|Any CPU.Build.0 = Release|Any CPU
	EndGlobalSection
	GlobalSection(SolutionProperties) = preSolution
		HideSolutionNode = FALSE
	EndGlobalSection
EndGlobal
