
Microsoft Visual Studio Solution File, Format Version 12.00
# Visual Studio 15
VisualStudioVersion = 15.0.28307.329
MinimumVisualStudioVersion = 10.0.40219.1
Project("{FAE04EC0-301F-11D3-BF4B-00C04F79EFBC}") = "6_1_ex", "6_1_ex\6_1_ex.csproj", "{2B238912-61ED-4B20-B107-9B4BA19AEA58}"
EndProject
Project("{FAE04EC0-301F-11D3-BF4B-00C04F79EFBC}") = "6_1_ex.Tests", "6_1_ex.Tests\6_1_ex.Tests.csproj", "{C92E025E-701D-4225-88F3-D9173F336FAA}"
EndProject
Global
	GlobalSection(SolutionConfigurationPlatforms) = preSolution
		Debug|Any CPU = Debug|Any CPU
		Release|Any CPU = Release|Any CPU
	EndGlobalSection
	GlobalSection(ProjectConfigurationPlatforms) = postSolution
		{2B238912-61ED-4B20-B107-9B4BA19AEA58}.Debug|Any CPU.ActiveCfg = Debug|Any CPU
		{2B238912-61ED-4B20-B107-9B4BA19AEA58}.Debug|Any CPU.Build.0 = Debug|Any CPU
		{2B238912-61ED-4B20-B107-9B4BA19AEA58}.Release|Any CPU.ActiveCfg = Release|Any CPU
		{2B238912-61ED-4B20-B107-9B4BA19AEA58}.Release|Any CPU.Build.0 = Release|Any CPU
		{C92E025E-701D-4225-88F3-D9173F336FAA}.Debug|Any CPU.ActiveCfg = Debug|Any CPU
		{C92E025E-701D-4225-88F3-D9173F336FAA}.Debug|Any CPU.Build.0 = Debug|Any CPU
		{C92E025E-701D-4225-88F3-D9173F336FAA}.Release|Any CPU.ActiveCfg = Release|Any CPU
		{C92E025E-701D-4225-88F3-D9173F336FAA}.Release|Any CPU.Build.0 = Release|Any CPU
	EndGlobalSection
	GlobalSection(SolutionProperties) = preSolution
		HideSolutionNode = FALSE
	EndGlobalSection
	GlobalSection(ExtensibilityGlobals) = postSolution
		SolutionGuid = {5342C3FC-B82E-4F41-808A-C01A29787414}
	EndGlobalSection
EndGlobal
