
Microsoft Visual Studio Solution File, Format Version 12.00
# Visual Studio 15
VisualStudioVersion = 15.0.28307.329
MinimumVisualStudioVersion = 10.0.40219.1
Project("{FAE04EC0-301F-11D3-BF4B-00C04F79EFBC}") = "2_2_ex", "2_2_ex\2_2_ex.csproj", "{A1077B31-F518-4C38-A4E1-AF8056506574}"
EndProject
Project("{FAE04EC0-301F-11D3-BF4B-00C04F79EFBC}") = "2_2_ex.Test", "2_2_ex.Test\2_2_ex.Test.csproj", "{30C64503-EABC-44F3-A5EE-D5989E909881}"
EndProject
Global
	GlobalSection(SolutionConfigurationPlatforms) = preSolution
		Debug|Any CPU = Debug|Any CPU
		Release|Any CPU = Release|Any CPU
	EndGlobalSection
	GlobalSection(ProjectConfigurationPlatforms) = postSolution
		{A1077B31-F518-4C38-A4E1-AF8056506574}.Debug|Any CPU.ActiveCfg = Debug|Any CPU
		{A1077B31-F518-4C38-A4E1-AF8056506574}.Debug|Any CPU.Build.0 = Debug|Any CPU
		{A1077B31-F518-4C38-A4E1-AF8056506574}.Release|Any CPU.ActiveCfg = Release|Any CPU
		{A1077B31-F518-4C38-A4E1-AF8056506574}.Release|Any CPU.Build.0 = Release|Any CPU
		{30C64503-EABC-44F3-A5EE-D5989E909881}.Debug|Any CPU.ActiveCfg = Debug|Any CPU
		{30C64503-EABC-44F3-A5EE-D5989E909881}.Debug|Any CPU.Build.0 = Debug|Any CPU
		{30C64503-EABC-44F3-A5EE-D5989E909881}.Release|Any CPU.ActiveCfg = Release|Any CPU
		{30C64503-EABC-44F3-A5EE-D5989E909881}.Release|Any CPU.Build.0 = Release|Any CPU
	EndGlobalSection
	GlobalSection(SolutionProperties) = preSolution
		HideSolutionNode = FALSE
	EndGlobalSection
	GlobalSection(ExtensibilityGlobals) = postSolution
		SolutionGuid = {2629E849-3D9D-47F3-BD08-AF9366E548FE}
	EndGlobalSection
EndGlobal
