
Microsoft Visual Studio Solution File, Format Version 12.00
# Visual Studio 15
VisualStudioVersion = 15.0.28307.329
MinimumVisualStudioVersion = 10.0.40219.1
Project("{FAE04EC0-301F-11D3-BF4B-00C04F79EFBC}") = "2_3_ex", "2_3_ex\2_3_ex.csproj", "{8D74268E-963E-48FE-A5BA-DAFD4F97FB25}"
EndProject
Global
	GlobalSection(SolutionConfigurationPlatforms) = preSolution
		Debug|Any CPU = Debug|Any CPU
		Release|Any CPU = Release|Any CPU
	EndGlobalSection
	GlobalSection(ProjectConfigurationPlatforms) = postSolution
		{8D74268E-963E-48FE-A5BA-DAFD4F97FB25}.Debug|Any CPU.ActiveCfg = Debug|Any CPU
		{8D74268E-963E-48FE-A5BA-DAFD4F97FB25}.Debug|Any CPU.Build.0 = Debug|Any CPU
		{8D74268E-963E-48FE-A5BA-DAFD4F97FB25}.Release|Any CPU.ActiveCfg = Release|Any CPU
		{8D74268E-963E-48FE-A5BA-DAFD4F97FB25}.Release|Any CPU.Build.0 = Release|Any CPU
	EndGlobalSection
	GlobalSection(SolutionProperties) = preSolution
		HideSolutionNode = FALSE
	EndGlobalSection
	GlobalSection(ExtensibilityGlobals) = postSolution
		SolutionGuid = {0DA3B7D0-47B6-4531-86AC-577AEF14F410}
	EndGlobalSection
EndGlobal
